# This file is generated by running "yarn install" inside your project.
# Manual changes might be lost - proceed with caution!

__metadata:
  version: 10
  cacheKey: 10c0

"@aws-crypto/crc32@npm:5.2.0":
  version: 5.2.0
  resolution: "@aws-crypto/crc32@npm:5.2.0"
  dependencies:
    "@aws-crypto/util": "npm:^5.2.0"
    "@aws-sdk/types": "npm:^3.222.0"
    tslib: "npm:^2.6.2"
  checksum: 10c0/eab9581d3363af5ea498ae0e72de792f54d8890360e14a9d8261b7b5c55ebe080279fb2556e07994d785341cdaa99ab0b1ccf137832b53b5904cd6928f2b094b
  languageName: node
  linkType: hard

"@aws-crypto/crc32c@npm:5.2.0":
  version: 5.2.0
  resolution: "@aws-crypto/crc32c@npm:5.2.0"
  dependencies:
    "@aws-crypto/util": "npm:^5.2.0"
    "@aws-sdk/types": "npm:^3.222.0"
    tslib: "npm:^2.6.2"
  checksum: 10c0/223efac396cdebaf5645568fa9a38cd0c322c960ae1f4276bedfe2e1031d0112e49d7d39225d386354680ecefae29f39af469a84b2ddfa77cb6692036188af77
  languageName: node
  linkType: hard

"@aws-crypto/sha1-browser@npm:5.2.0":
  version: 5.2.0
  resolution: "@aws-crypto/sha1-browser@npm:5.2.0"
  dependencies:
    "@aws-crypto/supports-web-crypto": "npm:^5.2.0"
    "@aws-crypto/util": "npm:^5.2.0"
    "@aws-sdk/types": "npm:^3.222.0"
    "@aws-sdk/util-locate-window": "npm:^3.0.0"
    "@smithy/util-utf8": "npm:^2.0.0"
    tslib: "npm:^2.6.2"
  checksum: 10c0/51fed0bf078c10322d910af179871b7d299dde5b5897873ffbeeb036f427e5d11d23db9794439226544b73901920fd19f4d86bbc103ed73cc0cfdea47a83c6ac
  languageName: node
  linkType: hard

"@aws-crypto/sha256-browser@npm:5.2.0":
  version: 5.2.0
  resolution: "@aws-crypto/sha256-browser@npm:5.2.0"
  dependencies:
    "@aws-crypto/sha256-js": "npm:^5.2.0"
    "@aws-crypto/supports-web-crypto": "npm:^5.2.0"
    "@aws-crypto/util": "npm:^5.2.0"
    "@aws-sdk/types": "npm:^3.222.0"
    "@aws-sdk/util-locate-window": "npm:^3.0.0"
    "@smithy/util-utf8": "npm:^2.0.0"
    tslib: "npm:^2.6.2"
  checksum: 10c0/05f6d256794df800fe9aef5f52f2ac7415f7f3117d461f85a6aecaa4e29e91527b6fd503681a17136fa89e9dd3d916e9c7e4cfb5eba222875cb6c077bdc1d00d
  languageName: node
  linkType: hard

"@aws-crypto/sha256-js@npm:5.2.0, @aws-crypto/sha256-js@npm:^5.2.0":
  version: 5.2.0
  resolution: "@aws-crypto/sha256-js@npm:5.2.0"
  dependencies:
    "@aws-crypto/util": "npm:^5.2.0"
    "@aws-sdk/types": "npm:^3.222.0"
    tslib: "npm:^2.6.2"
  checksum: 10c0/6c48701f8336341bb104dfde3d0050c89c288051f6b5e9bdfeb8091cf3ffc86efcd5c9e6ff2a4a134406b019c07aca9db608128f8d9267c952578a3108db9fd1
  languageName: node
  linkType: hard

"@aws-crypto/supports-web-crypto@npm:^5.2.0":
  version: 5.2.0
  resolution: "@aws-crypto/supports-web-crypto@npm:5.2.0"
  dependencies:
    tslib: "npm:^2.6.2"
  checksum: 10c0/4d2118e29d68ca3f5947f1e37ce1fbb3239a0c569cc938cdc8ab8390d595609b5caf51a07c9e0535105b17bf5c52ea256fed705a07e9681118120ab64ee73af2
  languageName: node
  linkType: hard

"@aws-crypto/util@npm:5.2.0, @aws-crypto/util@npm:^5.2.0":
  version: 5.2.0
  resolution: "@aws-crypto/util@npm:5.2.0"
  dependencies:
    "@aws-sdk/types": "npm:^3.222.0"
    "@smithy/util-utf8": "npm:^2.0.0"
    tslib: "npm:^2.6.2"
  checksum: 10c0/0362d4c197b1fd64b423966945130207d1fe23e1bb2878a18e361f7743c8d339dad3f8729895a29aa34fff6a86c65f281cf5167c4bf253f21627ae80b6dd2951
  languageName: node
  linkType: hard

"@aws-sdk/client-dynamodb@npm:3.1053.0":
  version: 3.1053.0
  resolution: "@aws-sdk/client-dynamodb@npm:3.1053.0"
  dependencies:
    "@aws-crypto/sha256-browser": "npm:5.2.0"
    "@aws-crypto/sha256-js": "npm:5.2.0"
    "@aws-sdk/core": "npm:^3.974.13"
    "@aws-sdk/credential-provider-node": "npm:^3.972.44"
    "@aws-sdk/dynamodb-codec": "npm:^3.973.13"
    "@aws-sdk/middleware-endpoint-discovery": "npm:^3.972.14"
    "@aws-sdk/types": "npm:^3.973.9"
    "@smithy/core": "npm:^3.24.3"
    "@smithy/fetch-http-handler": "npm:^5.4.3"
    "@smithy/node-http-handler": "npm:^4.7.3"
    "@smithy/types": "npm:^4.14.2"
    tslib: "npm:^2.6.2"
  checksum: 10c0/cd9d613fbff88fb24b9cb0e3069978bdaab07ba7eac6d79e865d3da22507042a30cda13eab92ed687668cb0ba5e3fe439ffecf72380ca564616d37f4ed73fba9
  languageName: node
  linkType: hard

"@aws-sdk/client-s3@npm:3.1053.0":
  version: 3.1053.0
  resolution: "@aws-sdk/client-s3@npm:3.1053.0"
  dependencies:
    "@aws-crypto/sha1-browser": "npm:5.2.0"
    "@aws-crypto/sha256-browser": "npm:5.2.0"
    "@aws-crypto/sha256-js": "npm:5.2.0"
    "@aws-sdk/core": "npm:^3.974.13"
    "@aws-sdk/credential-provider-node": "npm:^3.972.44"
    "@aws-sdk/middleware-bucket-endpoint": "npm:^3.972.15"
    "@aws-sdk/middleware-expect-continue": "npm:^3.972.13"
    "@aws-sdk/middleware-flexible-checksums": "npm:^3.974.21"
    "@aws-sdk/middleware-location-constraint": "npm:^3.972.11"
    "@aws-sdk/middleware-sdk-s3": "npm:^3.972.42"
    "@aws-sdk/middleware-ssec": "npm:^3.972.11"
    "@aws-sdk/signature-v4-multi-region": "npm:^3.996.28"
    "@aws-sdk/types": "npm:^3.973.9"
    "@smithy/core": "npm:^3.24.3"
    "@smithy/fetch-http-handler": "npm:^5.4.3"
    "@smithy/node-http-handler": "npm:^4.7.3"
    "@smithy/types": "npm:^4.14.2"
    tslib: "npm:^2.6.2"
  checksum: 10c0/d3308875955ccd8a3ebbcc37a966268d6c595242820bcf05fe45a6d0c9611c6add6b517bbb021b82d7c1b54cdada0fe1d077f708c04e860024b8105c02a6f0b5
  languageName: node
  linkType: hard

"@aws-sdk/core@npm:^3.974.13":
  version: 3.974.13
  resolution: "@aws-sdk/core@npm:3.974.13"
  dependencies:
    "@aws-sdk/types": "npm:^3.973.9"
    "@aws-sdk/xml-builder": "npm:^3.972.25"
    "@aws/lambda-invoke-store": "npm:^0.2.2"
    "@smithy/core": "npm:^3.24.3"
    "@smithy/signature-v4": "npm:^5.4.2"
    "@smithy/types": "npm:^4.14.2"
    bowser: "npm:^2.11.0"
    tslib: "npm:^2.6.2"
  checksum: 10c0/4871dfdab8e88cd9a0f0b3a3e5038fd3a8102a960f4383008c14d2cd3108fb043174c150f2c4b69bc6c31a861728d26170f2a9eaca3e370483ccc59c2a196061
  languageName: node
  linkType: hard

"@aws-sdk/crc64-nvme@npm:^3.972.9":
  version: 3.972.9
  resolution: "@aws-sdk/crc64-nvme@npm:3.972.9"
  dependencies:
    "@smithy/types": "npm:^4.14.2"
    tslib: "npm:^2.6.2"
  checksum: 10c0/2dd172c64ac658e035514752225f4785b0e5b24e2e35b4b6d559c54d5270710a278180c4707c0c47283605c56905de09875cf7af129323669710a741fadea1c6
  languageName: node
  linkType: hard

"@aws-sdk/credential-provider-env@npm:^3.972.39":
  version: 3.972.39
  resolution: "@aws-sdk/credential-provider-env@npm:3.972.39"
  dependencies:
    "@aws-sdk/core": "npm:^3.974.13"
    "@aws-sdk/types": "npm:^3.973.9"
    "@smithy/core": "npm:^3.24.3"
    "@smithy/types": "npm:^4.14.2"
    tslib: "npm:^2.6.2"
  checksum: 10c0/53312b5f758ab9c39a929e0e18f25f0a0e0b200fdae48f36649d943b07cb7244c44c06491c1e8937039f42740f92900c4f9493fb4acb8990184d3ab34411984d
  languageName: node
  linkType: hard

"@aws-sdk/credential-provider-http@npm:^3.972.41":
  version: 3.972.41
  resolution: "@aws-sdk/credential-provider-http@npm:3.972.41"
  dependencies:
    "@aws-sdk/core": "npm:^3.974.13"
    "@aws-sdk/types": "npm:^3.973.9"
    "@smithy/core": "npm:^3.24.3"
    "@smithy/fetch-http-handler": "npm:^5.4.3"
    "@smithy/node-http-handler": "npm:^4.7.3"
    "@smithy/types": "npm:^4.14.2"
    tslib: "npm:^2.6.2"
  checksum: 10c0/b4e5a48b38d251030ba092dbaf1495df807e224daa95d13e5e00de3baccefe1bb7bc37eee49f4dd761c2751b9c1f27639f3da1165f5e4fd6baac3ee81e2e78c9
  languageName: node
  linkType: hard

"@aws-sdk/credential-provider-ini@npm:^3.972.43":
  version: 3.972.43
  resolution: "@aws-sdk/credential-provider-ini@npm:3.972.43"
  dependencies:
    "@aws-sdk/core": "npm:^3.974.13"
    "@aws-sdk/credential-provider-env": "npm:^3.972.39"
    "@aws-sdk/credential-provider-http": "npm:^3.972.41"
    "@aws-sdk/credential-provider-login": "npm:^3.972.43"
    "@aws-sdk/credential-provider-process": "npm:^3.972.39"
    "@aws-sdk/credential-provider-sso": "npm:^3.972.43"
    "@aws-sdk/credential-provider-web-identity": "npm:^3.972.43"
    "@aws-sdk/nested-clients": "npm:^3.997.11"
    "@aws-sdk/types": "npm:^3.973.9"
    "@smithy/core": "npm:^3.24.3"
    "@smithy/credential-provider-imds": "npm:^4.3.2"
    "@smithy/types": "npm:^4.14.2"
    tslib: "npm:^2.6.2"
  checksum: 10c0/2cee8a5e5cb373ad5798a0bc4aeebe5edad5dafc9d3b6b4473d549a1e35fe02665ea9aa818ff6d3be37a66d2c08442b6f70268b9163cd80c55230acb7d6d3226
  languageName: node
  linkType: hard

"@aws-sdk/credential-provider-login@npm:^3.972.43":
  version: 3.972.43
  resolution: "@aws-sdk/credential-provider-login@npm:3.972.43"
  dependencies:
    "@aws-sdk/core": "npm:^3.974.13"
    "@aws-sdk/nested-clients": "npm:^3.997.11"
    "@aws-sdk/types": "npm:^3.973.9"
    "@smithy/core": "npm:^3.24.3"
    "@smithy/types": "npm:^4.14.2"
    tslib: "npm:^2.6.2"
  checksum: 10c0/ca40c9c86790e7c724ad1c68771f7572e6b520c7f6b836ceb7e46cded3202b1ae780630dd3ef46d0a767a9c1efdaba18c417da110f5ab17a43e46d13c5240f81
  languageName: node
  linkType: hard

"@aws-sdk/credential-provider-node@npm:^3.972.44":
  version: 3.972.44
  resolution: "@aws-sdk/credential-provider-node@npm:3.972.44"
  dependencies:
    "@aws-sdk/credential-provider-env": "npm:^3.972.39"
    "@aws-sdk/credential-provider-http": "npm:^3.972.41"
    "@aws-sdk/credential-provider-ini": "npm:^3.972.43"
    "@aws-sdk/credential-provider-process": "npm:^3.972.39"
    "@aws-sdk/credential-provider-sso": "npm:^3.972.43"
    "@aws-sdk/credential-provider-web-identity": "npm:^3.972.43"
    "@aws-sdk/types": "npm:^3.973.9"
    "@smithy/core": "npm:^3.24.3"
    "@smithy/credential-provider-imds": "npm:^4.3.2"
    "@smithy/types": "npm:^4.14.2"
    tslib: "npm:^2.6.2"
  checksum: 10c0/b31162bf8922f0f408eaa7fa5601ede64b6b83ea61ce320e8506da04950c35dec87208eb91e32718eeabfb3600a2f5e36a49fb5792a542b1423fb4897064b31f
  languageName: node
  linkType: hard

"@aws-sdk/credential-provider-process@npm:^3.972.39":
  version: 3.972.39
  resolution: "@aws-sdk/credential-provider-process@npm:3.972.39"
  dependencies:
    "@aws-sdk/core": "npm:^3.974.13"
    "@aws-sdk/types": "npm:^3.973.9"
    "@smithy/core": "npm:^3.24.3"
    "@smithy/types": "npm:^4.14.2"
    tslib: "npm:^2.6.2"
  checksum: 10c0/f5727b41265f6c83f0d65618563ae3ee657a93dfc5263924f2d012ff35bbcfd9918a4976faa62d48667683ad7fd2e6f7a51690e9120795b3e5f70c32b1767a43
  languageName: node
  linkType: hard

"@aws-sdk/credential-provider-sso@npm:^3.972.43":
  version: 3.972.43
  resolution: "@aws-sdk/credential-provider-sso@npm:3.972.43"
  dependencies:
    "@aws-sdk/core": "npm:^3.974.13"
    "@aws-sdk/nested-clients": "npm:^3.997.11"
    "@aws-sdk/token-providers": "npm:3.1052.0"
    "@aws-sdk/types": "npm:^3.973.9"
    "@smithy/core": "npm:^3.24.3"
    "@smithy/types": "npm:^4.14.2"
    tslib: "npm:^2.6.2"
  checksum: 10c0/d25702c83d1eb0e086a91ca83ca2893b9ff1eea8b49b419530df74afe671d9e8d608a8d33af37b725dd66ba2a10729afcc7d8d7cc7ab2ed8eb38c36f1aaab2f0
  languageName: node
  linkType: hard

"@aws-sdk/credential-provider-web-identity@npm:^3.972.43":
  version: 3.972.43
  resolution: "@aws-sdk/credential-provider-web-identity@npm:3.972.43"
  dependencies:
    "@aws-sdk/core": "npm:^3.974.13"
    "@aws-sdk/nested-clients": "npm:^3.997.11"
    "@aws-sdk/types": "npm:^3.973.9"
    "@smithy/core": "npm:^3.24.3"
    "@smithy/types": "npm:^4.14.2"
    tslib: "npm:^2.6.2"
  checksum: 10c0/484de74aa18e89847b932185b54dfa6edbb6fd878808c4e4c9356f84f73d1104720e2e3177b5c49c27a38b15ec9e980886ff272fe76db08da1438ed271db7146
  languageName: node
  linkType: hard

"@aws-sdk/dynamodb-codec@npm:^3.973.13":
  version: 3.973.13
  resolution: "@aws-sdk/dynamodb-codec@npm:3.973.13"
  dependencies:
    "@aws-sdk/core": "npm:^3.974.13"
    "@smithy/core": "npm:^3.24.3"
    "@smithy/types": "npm:^4.14.2"
    tslib: "npm:^2.6.2"
  checksum: 10c0/1d285b97fef513e15d14661f564f1aa05d798688abb47832883178092808e867c3015ca9c67cda6b9a2c29ce0ef04ab695f8a910a6f6f4b701c41a095697a3c2
  languageName: node
  linkType: hard

"@aws-sdk/endpoint-cache@npm:^3.972.5":
  version: 3.972.5
  resolution: "@aws-sdk/endpoint-cache@npm:3.972.5"
  dependencies:
    mnemonist: "npm:0.38.3"
    tslib: "npm:^2.6.2"
  checksum: 10c0/10707330728ef1f9ca74134ed19a5d93c28d9af4cf785d53ced74a645ae3f6ccc7cb75ffda552dad49ad3ef1aaa27f829431851f530be2c914b61399dd5342b6
  languageName: node
  linkType: hard

"@aws-sdk/middleware-bucket-endpoint@npm:^3.972.15":
  version: 3.972.15
  resolution: "@aws-sdk/middleware-bucket-endpoint@npm:3.972.15"
  dependencies:
    "@aws-sdk/core": "npm:^3.974.13"
    "@aws-sdk/types": "npm:^3.973.9"
    "@smithy/core": "npm:^3.24.3"
    "@smithy/types": "npm:^4.14.2"
    tslib: "npm:^2.6.2"
  checksum: 10c0/1bbfeb06ee7ad467492f150a80ad1722e58bb689b702f5e325982f4a9be32b02eeac0e541c56a09f9bcbca03d2b96b7be1051c290bde88b060ba14166abbd17c
  languageName: node
  linkType: hard

"@aws-sdk/middleware-endpoint-discovery@npm:^3.972.14":
  version: 3.972.14
  resolution: "@aws-sdk/middleware-endpoint-discovery@npm:3.972.14"
  dependencies:
    "@aws-sdk/endpoint-cache": "npm:^3.972.5"
    "@aws-sdk/types": "npm:^3.973.9"
    "@smithy/core": "npm:^3.24.3"
    "@smithy/types": "npm:^4.14.2"
    tslib: "npm:^2.6.2"
  checksum: 10c0/46cccece5014365b26f7734e82502c3a4120fa58b302a05e9c17078b672d858e2ffaaec20f8a3d6d23a029ae92c850834407d9e47a8bd1e3b3336bb6a6bae957
  languageName: node
  linkType: hard

"@aws-sdk/middleware-expect-continue@npm:^3.972.13":
  version: 3.972.13
  resolution: "@aws-sdk/middleware-expect-continue@npm:3.972.13"
  dependencies:
    "@aws-sdk/types": "npm:^3.973.9"
    "@smithy/core": "npm:^3.24.3"
    "@smithy/types": "npm:^4.14.2"
    tslib: "npm:^2.6.2"
  checksum: 10c0/65342dbffc2df1f2acd0525808a635b6ad55b4b7060c3de0a33167dba826a783a731a1d7ce51054e6cf27b3bff18fd4e63591018c3be89f819357e83a6ad9181
  languageName: node
  linkType: hard

"@aws-sdk/middleware-flexible-checksums@npm:^3.974.21":
  version: 3.974.21
  resolution: "@aws-sdk/middleware-flexible-checksums@npm:3.974.21"
  dependencies:
    "@aws-crypto/crc32": "npm:5.2.0"
    "@aws-crypto/crc32c": "npm:5.2.0"
    "@aws-crypto/util": "npm:5.2.0"
    "@aws-sdk/core": "npm:^3.974.13"
    "@aws-sdk/crc64-nvme": "npm:^3.972.9"
    "@aws-sdk/types": "npm:^3.973.9"
    "@smithy/core": "npm:^3.24.3"
    "@smithy/types": "npm:^4.14.2"
    tslib: "npm:^2.6.2"
  checksum: 10c0/4d86705258763ea5b775012cf28ead626806966f81e5bd61841afb3915d2bb13a11b73e31869845d67f9a232a4b48b46a6157815016451caa8dc8748d82f0211
  languageName: node
  linkType: hard

"@aws-sdk/middleware-location-constraint@npm:^3.972.11":
  version: 3.972.11
  resolution: "@aws-sdk/middleware-location-constraint@npm:3.972.11"
  dependencies:
    "@aws-sdk/types": "npm:^3.973.9"
    "@smithy/types": "npm:^4.14.2"
    tslib: "npm:^2.6.2"
  checksum: 10c0/66971ef8ed09ce7c982161fa72c58acba14363d53450ab49cf9649790e101f3619156a6e4cdf9406afaf987228bc794f4bc2fef80443aad27771f4745e47016d
  languageName: node
  linkType: hard

"@aws-sdk/middleware-sdk-s3@npm:^3.972.42":
  version: 3.972.42
  resolution: "@aws-sdk/middleware-sdk-s3@npm:3.972.42"
  dependencies:
    "@aws-sdk/core": "npm:^3.974.13"
    "@aws-sdk/signature-v4-multi-region": "npm:^3.996.28"
    "@aws-sdk/types": "npm:^3.973.9"
    "@smithy/core": "npm:^3.24.3"
    "@smithy/signature-v4": "npm:^5.4.2"
    "@smithy/types": "npm:^4.14.2"
    tslib: "npm:^2.6.2"
  checksum: 10c0/aa3505a0d447db03d396eefcd9f492bed47f7ad0d39633a87f408f33e96cd49e029a9749298c679148f6640594ff4327d8fdb767f4fcc378610cfc7bb7f46157
  languageName: node
  linkType: hard

"@aws-sdk/middleware-ssec@npm:^3.972.11":
  version: 3.972.11
  resolution: "@aws-sdk/middleware-ssec@npm:3.972.11"
  dependencies:
    "@aws-sdk/types": "npm:^3.973.9"
    "@smithy/types": "npm:^4.14.2"
    tslib: "npm:^2.6.2"
  checksum: 10c0/0d4b74487863bb1eefdb9c52506723aadec3b0def245c9352c927b613a462385f05e91a04e9af4d7d2b11796987360dbfb74c68ee47d670acddd379d78a4a299
  languageName: node
  linkType: hard

"@aws-sdk/nested-clients@npm:^3.997.11":
  version: 3.997.11
  resolution: "@aws-sdk/nested-clients@npm:3.997.11"
  dependencies:
    "@aws-crypto/sha256-browser": "npm:5.2.0"
    "@aws-crypto/sha256-js": "npm:5.2.0"
    "@aws-sdk/core": "npm:^3.974.13"
    "@aws-sdk/signature-v4-multi-region": "npm:^3.996.28"
    "@aws-sdk/types": "npm:^3.973.9"
    "@smithy/core": "npm:^3.24.3"
    "@smithy/fetch-http-handler": "npm:^5.4.3"
    "@smithy/node-http-handler": "npm:^4.7.3"
    "@smithy/types": "npm:^4.14.2"
    tslib: "npm:^2.6.2"
  checksum: 10c0/c48276a25bb4424835d733c0cc4a5891bad9578245e5c7fb39a8700ad036ee6c81c6a258b86ef0af3b2a5ace507c9fd79a912ceb377b7b8e2933c042d0d8e6a6
  languageName: node
  linkType: hard

"@aws-sdk/signature-v4-multi-region@npm:^3.996.28":
  version: 3.996.28
  resolution: "@aws-sdk/signature-v4-multi-region@npm:3.996.28"
  dependencies:
    "@aws-sdk/types": "npm:^3.973.9"
    "@smithy/core": "npm:^3.24.3"
    "@smithy/signature-v4": "npm:^5.4.2"
    "@smithy/types": "npm:^4.14.2"
    tslib: "npm:^2.6.2"
  checksum: 10c0/374f2526c9d457e2a60165f85eb132a260cce16a3d84fe096034936b41539fced9f74d9d2e4fdc05c4bdff92a9beb5558c16e5a15475f81e361ded1591220849
  languageName: node
  linkType: hard

"@aws-sdk/token-providers@npm:3.1052.0":
  version: 3.1052.0
  resolution: "@aws-sdk/token-providers@npm:3.1052.0"
  dependencies:
    "@aws-sdk/core": "npm:^3.974.13"
    "@aws-sdk/nested-clients": "npm:^3.997.11"
    "@aws-sdk/types": "npm:^3.973.9"
    "@smithy/core": "npm:^3.24.3"
    "@smithy/types": "npm:^4.14.2"
    tslib: "npm:^2.6.2"
  checksum: 10c0/0e606a2d394ce324f0633b8964500cab7413bb83860f9f5342166bfe62269212e9441f508b163e13063caadc50013469a4cb8642190fe3b71511a578354b121d
  languageName: node
  linkType: hard

"@aws-sdk/types@npm:^3.222.0, @aws-sdk/types@npm:^3.973.9":
  version: 3.973.9
  resolution: "@aws-sdk/types@npm:3.973.9"
  dependencies:
    "@smithy/types": "npm:^4.14.2"
    tslib: "npm:^2.6.2"
  checksum: 10c0/8164f908a004c23927109b86f44e9d112804aaa32cd654b260f79b7c2c2f9fb6802b72ccf73cbbf6fa1c613e660ce5b45835018db94713a59714e8ff762aaf2a
  languageName: node
  linkType: hard

"@aws-sdk/util-locate-window@npm:^3.0.0":
  version: 3.6.1
  resolution: "@aws-sdk/util-locate-window@npm:3.6.1"
  dependencies:
    tslib: "npm:^1.8.0"
  checksum: 10c0/9d49776f723c21a8511b94e06eade379f0b0ae92a2bc05552f332ed7595a1bcc939d6741fd34c1de41f9f99e5e563ac4bba55e1c96108a362113dc3cf26ad6f5
  languageName: node
  linkType: hard

"@aws-sdk/xml-builder@npm:^3.972.25":
  version: 3.972.25
  resolution: "@aws-sdk/xml-builder@npm:3.972.25"
  dependencies:
    "@nodable/entities": "npm:2.1.0"
    "@smithy/types": "npm:^4.14.2"
    fast-xml-parser: "npm:5.7.3"
    tslib: "npm:^2.6.2"
  checksum: 10c0/6bb00d3d429dd7622744a08e1fbd4f1df8eac2e348146a37b38189cc57c55be7cb5db222aacbfa585414a8416070c8486aff52bdfced72552c268044de6dd04c
  languageName: node
  linkType: hard

"@aws/lambda-invoke-store@npm:^0.2.2":
  version: 0.2.3
  resolution: "@aws/lambda-invoke-store@npm:0.2.3"
  checksum: 10c0/3869a5d2494ff81fba306d603c0f2e36c59f89c4efdffd1105a208a595da77059547209a163b6f0c1b716e9d273ce24f94dcbd5a08bad74b2602d13711b0cb3b
  languageName: node
  linkType: hard

"@esbuild/aix-ppc64@npm:0.28.0":
  version: 0.28.0
  resolution: "@esbuild/aix-ppc64@npm:0.28.0"
  conditions: os=aix & cpu=ppc64
  languageName: node
  linkType: hard

"@esbuild/android-arm64@npm:0.28.0":
  version: 0.28.0
  resolution: "@esbuild/android-arm64@npm:0.28.0"
  conditions: os=android & cpu=arm64
  languageName: node
  linkType: hard

"@esbuild/android-arm@npm:0.28.0":
  version: 0.28.0
  resolution: "@esbuild/android-arm@npm:0.28.0"
  conditions: os=android & cpu=arm
  languageName: node
  linkType: hard

"@esbuild/android-x64@npm:0.28.0":
  version: 0.28.0
  resolution: "@esbuild/android-x64@npm:0.28.0"
  conditions: os=android & cpu=x64
  languageName: node
  linkType: hard

"@esbuild/darwin-arm64@npm:0.28.0":
  version: 0.28.0
  resolution: "@esbuild/darwin-arm64@npm:0.28.0"
  conditions: os=darwin & cpu=arm64
  languageName: node
  linkType: hard

"@esbuild/darwin-x64@npm:0.28.0":
  version: 0.28.0
  resolution: "@esbuild/darwin-x64@npm:0.28.0"
  conditions: os=darwin & cpu=x64
  languageName: node
  linkType: hard

"@esbuild/freebsd-arm64@npm:0.28.0":
  version: 0.28.0
  resolution: "@esbuild/freebsd-arm64@npm:0.28.0"
  conditions: os=freebsd & cpu=arm64
  languageName: node
  linkType: hard

"@esbuild/freebsd-x64@npm:0.28.0":
  version: 0.28.0
  resolution: "@esbuild/freebsd-x64@npm:0.28.0"
  conditions: os=freebsd & cpu=x64
  languageName: node
  linkType: hard

"@esbuild/linux-arm64@npm:0.28.0":
  version: 0.28.0
  resolution: "@esbuild/linux-arm64@npm:0.28.0"
  conditions: os=linux & cpu=arm64
  languageName: node
  linkType: hard

"@esbuild/linux-arm@npm:0.28.0":
  version: 0.28.0
  resolution: "@esbuild/linux-arm@npm:0.28.0"
  conditions: os=linux & cpu=arm
  languageName: node
  linkType: hard

"@esbuild/linux-ia32@npm:0.28.0":
  version: 0.28.0
  resolution: "@esbuild/linux-ia32@npm:0.28.0"
  conditions: os=linux & cpu=ia32
  languageName: node
  linkType: hard

"@esbuild/linux-loong64@npm:0.28.0":
  version: 0.28.0
  resolution: "@esbuild/linux-loong64@npm:0.28.0"
  conditions: os=linux & cpu=loong64
  languageName: node
  linkType: hard

"@esbuild/linux-mips64el@npm:0.28.0":
  version: 0.28.0
  resolution: "@esbuild/linux-mips64el@npm:0.28.0"
  conditions: os=linux & cpu=mips64el
  languageName: node
  linkType: hard

"@esbuild/linux-ppc64@npm:0.28.0":
  version: 0.28.0
  resolution: "@esbuild/linux-ppc64@npm:0.28.0"
  conditions: os=linux & cpu=ppc64
  languageName: node
  linkType: hard

"@esbuild/linux-riscv64@npm:0.28.0":
  version: 0.28.0
  resolution: "@esbuild/linux-riscv64@npm:0.28.0"
  conditions: os=linux & cpu=riscv64
  languageName: node
  linkType: hard

"@esbuild/linux-s390x@npm:0.28.0":
  version: 0.28.0
  resolution: "@esbuild/linux-s390x@npm:0.28.0"
  conditions: os=linux & cpu=s390x
  languageName: node
  linkType: hard

"@esbuild/linux-x64@npm:0.28.0":
  version: 0.28.0
  resolution: "@esbuild/linux-x64@npm:0.28.0"
  conditions: os=linux & cpu=x64
  languageName: node
  linkType: hard

"@esbuild/netbsd-arm64@npm:0.28.0":
  version: 0.28.0
  resolution: "@esbuild/netbsd-arm64@npm:0.28.0"
  conditions: os=netbsd & cpu=arm64
  languageName: node
  linkType: hard

"@esbuild/netbsd-x64@npm:0.28.0":
  version: 0.28.0
  resolution: "@esbuild/netbsd-x64@npm:0.28.0"
  conditions: os=netbsd & cpu=x64
  languageName: node
  linkType: hard

"@esbuild/openbsd-arm64@npm:0.28.0":
  version: 0.28.0
  resolution: "@esbuild/openbsd-arm64@npm:0.28.0"
  conditions: os=openbsd & cpu=arm64
  languageName: node
  linkType: hard

"@esbuild/openbsd-x64@npm:0.28.0":
  version: 0.28.0
  resolution: "@esbuild/openbsd-x64@npm:0.28.0"
  conditions: os=openbsd & cpu=x64
  languageName: node
  linkType: hard

"@esbuild/openharmony-arm64@npm:0.28.0":
  version: 0.28.0
  resolution: "@esbuild/openharmony-arm64@npm:0.28.0"
  conditions: os=openharmony & cpu=arm64
  languageName: node
  linkType: hard

"@esbuild/sunos-x64@npm:0.28.0":
  version: 0.28.0
  resolution: "@esbuild/sunos-x64@npm:0.28.0"
  conditions: os=sunos & cpu=x64
  languageName: node
  linkType: hard

"@esbuild/win32-arm64@npm:0.28.0":
  version: 0.28.0
  resolution: "@esbuild/win32-arm64@npm:0.28.0"
  conditions: os=win32 & cpu=arm64
  languageName: node
  linkType: hard

"@esbuild/win32-ia32@npm:0.28.0":
  version: 0.28.0
  resolution: "@esbuild/win32-ia32@npm:0.28.0"
  conditions: os=win32 & cpu=ia32
  languageName: node
  linkType: hard

"@esbuild/win32-x64@npm:0.28.0":
  version: 0.28.0
  resolution: "@esbuild/win32-x64@npm:0.28.0"
  conditions: os=win32 & cpu=x64
  languageName: node
  linkType: hard

"@js-joda/core@npm:6.0.1":
  version: 6.0.1
  resolution: "@js-joda/core@npm:6.0.1"
  checksum: 10c0/d65dcca509a60d70e492e922902b6687594e8b61bcc3f3b3fc9a56b36dbd8bfec8b94dd1daf6a697506edb3080c6e106a03f23930020c83200a869a7d0d2958d
  languageName: node
  linkType: hard

"@js-joda/locale@npm:5.1.0":
  version: 5.1.0
  resolution: "@js-joda/locale@npm:5.1.0"
  peerDependencies:
    "@js-joda/core": ">=6.0.0"
    "@js-joda/timezone": ^2.25.0
    cldr-data: "*"
    cldrjs: ^0.5.5
  peerDependenciesMeta:
    "@js-joda/timezone":
      optional: true
    cldr-data:
      optional: true
  checksum: 10c0/dad80e2066cc091972c5a4e39903191c69c3d1bd12528b41c73d2dd9b70450661486697c81c17b4515aef0e593671992d63519e0f18edaa64dbdd8a3f176b012
  languageName: node
  linkType: hard

"@js-joda/locale_en-us@npm:5.1.0":
  version: 5.1.0
  resolution: "@js-joda/locale_en-us@npm:5.1.0"
  peerDependencies:
    "@js-joda/core": ">=6.0.0"
    "@js-joda/locale": ">=5.1.0"
    "@js-joda/timezone": ^2.25.0
  peerDependenciesMeta:
    "@js-joda/timezone":
      optional: true
  checksum: 10c0/5b5f5fe743c34fb706dd221b162c80d367f697b14915672b5ff18dc36885d6b1d67a546eba812b9d1c53d4e3fb5148329afc4d7885fc91e446303ddad03f7af8
  languageName: node
  linkType: hard

"@js-joda/timezone@npm:2.25.1":
  version: 2.25.1
  resolution: "@js-joda/timezone@npm:2.25.1"
  peerDependencies:
    "@js-joda/core": ">=5.7.0"
  checksum: 10c0/0547ae1d9dfde05ae36211d18782ce2311abc0c24e9da8dcee663a29a4b0c6347797815beff75a29be57ee5f36b8d531a377ae84d4050250a5777cf5e6364d9c
  languageName: node
  linkType: hard

"@nodable/entities@npm:2.1.0, @nodable/entities@npm:^2.1.0":
  version: 2.1.0
  resolution: "@nodable/entities@npm:2.1.0"
  checksum: 10c0/5a4cba2b61a5b6c726328b18b1de6d033cae4a658a118644bf31e0bcbda126ea7b69385043dc556cf1ed859b9ca220e82b81b5e5c48ef1b519fb8ec104575dee
  languageName: node
  linkType: hard

"@smithy/core@npm:^3.24.3, @smithy/core@npm:^3.24.4":
  version: 3.24.4
  resolution: "@smithy/core@npm:3.24.4"
  dependencies:
    "@aws-crypto/crc32": "npm:5.2.0"
    "@smithy/types": "npm:^4.14.2"
    tslib: "npm:^2.6.2"
  checksum: 10c0/0951177e0556baf63093e30e2768991153f364655aafcaf4fca297b1d120ff3a7f445f068c3de65e4224dbecd99d86ca9e1f5c7d96841756905454c321951cd5
  languageName: node
  linkType: hard

"@smithy/credential-provider-imds@npm:^4.3.2":
  version: 4.3.4
  resolution: "@smithy/credential-provider-imds@npm:4.3.4"
  dependencies:
    "@smithy/core": "npm:^3.24.4"
    "@smithy/types": "npm:^4.14.2"
    tslib: "npm:^2.6.2"
  checksum: 10c0/4f9dbe2ad0bf193dd5d2485a4b1b5cb2cfa698a54f32a90eac70d479ac8710cf349d141d31d7388d47136f7fb4f90da565a3b6226d2e30d6245b83c907b452ac
  languageName: node
  linkType: hard

"@smithy/fetch-http-handler@npm:^5.4.3":
  version: 5.4.4
  resolution: "@smithy/fetch-http-handler@npm:5.4.4"
  dependencies:
    "@smithy/core": "npm:^3.24.4"
    "@smithy/types": "npm:^4.14.2"
    tslib: "npm:^2.6.2"
  checksum: 10c0/7818f546de5507226328b0647db0ef83974a588d82aed6ccd9d6741c3f256475ce3151034608c93c964c9febcb3ea91e814c3b20365c88dca26c02d8e3b4380e
  languageName: node
  linkType: hard

"@smithy/is-array-buffer@npm:^2.2.0":
  version: 2.2.0
  resolution: "@smithy/is-array-buffer@npm:2.2.0"
  dependencies:
    tslib: "npm:^2.6.2"
  checksum: 10c0/2f2523cd8cc4538131e408eb31664983fecb0c8724956788b015aaf3ab85a0c976b50f4f09b176f1ed7bbe79f3edf80743be7a80a11f22cd9ce1285d77161aaf
  languageName: node
  linkType: hard

"@smithy/node-http-handler@npm:^4.7.3":
  version: 4.7.4
  resolution: "@smithy/node-http-handler@npm:4.7.4"
  dependencies:
    "@smithy/core": "npm:^3.24.4"
    "@smithy/types": "npm:^4.14.2"
    tslib: "npm:^2.6.2"
  checksum: 10c0/12e4508aab964756ad54987884c399b4a957a795a5e8244e639bec699d42f5bf7fe286fa1a345d07bb532623dcc4220fd8eee043387b9242185c3cafcc235cb2
  languageName: node
  linkType: hard

"@smithy/signature-v4@npm:^5.4.2":
  version: 5.4.4
  resolution: "@smithy/signature-v4@npm:5.4.4"
  dependencies:
    "@smithy/core": "npm:^3.24.4"
    "@smithy/types": "npm:^4.14.2"
    tslib: "npm:^2.6.2"
  checksum: 10c0/08f5c12c21f4e0beb54b837d8399f9743d4313ec0baf37f4d963aa90623f68858f8c92015ab17a20b5196c448d1504a2ca9777084efd9c17b6fd7faad54d9921
  languageName: node
  linkType: hard

"@smithy/types@npm:^4.14.2":
  version: 4.14.2
  resolution: "@smithy/types@npm:4.14.2"
  dependencies:
    tslib: "npm:^2.6.2"
  checksum: 10c0/8bdad874d9e47233c6f2f74ac001e810b87b0a7c6504b9a9490536c9733ffec36b7b2a73010b31044f22553819a8d1e8bb9b2310f09257b1278a048a5f9679f8
  languageName: node
  linkType: hard

"@smithy/util-buffer-from@npm:^2.2.0":
  version: 2.2.0
  resolution: "@smithy/util-buffer-from@npm:2.2.0"
  dependencies:
    "@smithy/is-array-buffer": "npm:^2.2.0"
    tslib: "npm:^2.6.2"
  checksum: 10c0/223d6a508b52ff236eea01cddc062b7652d859dd01d457a4e50365af3de1e24a05f756e19433f6ccf1538544076b4215469e21a4ea83dc1d58d829725b0dbc5a
  languageName: node
  linkType: hard

"@smithy/util-utf8@npm:^2.0.0":
  version: 2.3.0
  resolution: "@smithy/util-utf8@npm:2.3.0"
  dependencies:
    "@smithy/util-buffer-from": "npm:^2.2.0"
    tslib: "npm:^2.6.2"
  checksum: 10c0/e18840c58cc507ca57fdd624302aefd13337ee982754c9aa688463ffcae598c08461e8620e9852a424d662ffa948fc64919e852508028d09e89ced459bd506ab
  languageName: node
  linkType: hard

"@tsconfig/node24@npm:24.0.5":
  version: 24.0.5
  resolution: "@tsconfig/node24@npm:24.0.5"
  checksum: 10c0/cea0c13ac00121e210f69823104d69081c99cf98c801a0772b6df5b51b3412e188084d74b6d2a42b33f29e3cf99298faf02c0baed41d336f5ef8828cc04d458f
  languageName: node
  linkType: hard

"@types/aws-lambda@npm:8.10.162":
  version: 8.10.162
  resolution: "@types/aws-lambda@npm:8.10.162"
  checksum: 10c0/0b93ebe339bf79d40e0811fb6ba658b425a5f9a45c2b07a2240e4260036ac949e6e5a5776db6269bc71218f127b046d7793f950f61ed7e94262b4fecf643eb7c
  languageName: node
  linkType: hard

"@types/ejs@npm:3.1.5":
  version: 3.1.5
  resolution: "@types/ejs@npm:3.1.5"
  checksum: 10c0/13d994cf0323d7e0ad33b9384914ccd3b4cd8bf282eced3649b1621b66ee7c784ac2d120a9d7b1f43d6f873518248fb8c3221b06a649b847860b9c2389a0b0ed
  languageName: node
  linkType: hard

"@types/node@npm:24.13.3":
  version: 24.13.3
  resolution: "@types/node@npm:24.13.3"
  dependencies:
    undici-types: "npm:~7.18.0"
  checksum: 10c0/a5bc08f49b9581dcdca90e02cd77197a3c799840807664942e5cd5161a553d4d2ae8064f7e3294410d748d7d098b5c1848be7fa50c06f29c4193ab16be4e59eb
  languageName: node
  linkType: hard

"@types/sprintf-js@npm:1.1.4":
  version: 1.1.4
  resolution: "@types/sprintf-js@npm:1.1.4"
  checksum: 10c0/b56aa88876b8c2b00df7f931615f33371231c265328875024071e3dca151021bbce6143833fc2172640a75680dec260a80cca451374976f6fd29d305b108cfe1
  languageName: node
  linkType: hard

"@xmldom/is-dom-node@npm:1.0.1":
  version: 1.0.1
  resolution: "@xmldom/is-dom-node@npm:1.0.1"
  checksum: 10c0/138d5e74441b16f065ce360d81737673986d93f14d5bb09b1e3bcfc2b18fae70b86beb9b7bfbffe916dd36b3bdab012acaa81cc0b49450acadfd66978b62827f
  languageName: node
  linkType: hard

"@xmldom/xmldom@npm:0.9.10":
  version: 0.9.10
  resolution: "@xmldom/xmldom@npm:0.9.10"
  checksum: 10c0/38a9c9b95450d7fccebc61371c8e0b90ceaae992886484108333d29ccbd2640e3555b6af012f15ce1beb5067aeb40486659b6183fad38af179e82d28028bfc5d
  languageName: node
  linkType: hard

"bowser@npm:^2.11.0":
  version: 2.11.0
  resolution: "bowser@npm:2.11.0"
  checksum: 10c0/04efeecc7927a9ec33c667fa0965dea19f4ac60b3fea60793c2e6cf06c1dcd2f7ae1dbc656f450c5f50783b1c75cf9dc173ba6f3b7db2feee01f8c4b793e1bd3
  languageName: node
  linkType: hard

"ejs@npm:5.0.2":
  version: 5.0.2
  resolution: "ejs@npm:5.0.2"
  bin:
    ejs: bin/cli.js
  checksum: 10c0/6377ba83487e9e818dd77ab92d67a5f6c0d093689fa500aa0654305f4c19af13a30a606cc6286b8dfef1cf8aae89a71130af16aca5b72dc500a4a44ac3aa13bf
  languageName: node
  linkType: hard

"esbuild@npm:0.28.0":
  version: 0.28.0
  resolution: "esbuild@npm:0.28.0"
  dependencies:
    "@esbuild/aix-ppc64": "npm:0.28.0"
    "@esbuild/android-arm": "npm:0.28.0"
    "@esbuild/android-arm64": "npm:0.28.0"
    "@esbuild/android-x64": "npm:0.28.0"
    "@esbuild/darwin-arm64": "npm:0.28.0"
    "@esbuild/darwin-x64": "npm:0.28.0"
    "@esbuild/freebsd-arm64": "npm:0.28.0"
    "@esbuild/freebsd-x64": "npm:0.28.0"
    "@esbuild/linux-arm": "npm:0.28.0"
    "@esbuild/linux-arm64": "npm:0.28.0"
    "@esbuild/linux-ia32": "npm:0.28.0"
    "@esbuild/linux-loong64": "npm:0.28.0"
    "@esbuild/linux-mips64el": "npm:0.28.0"
    "@esbuild/linux-ppc64": "npm:0.28.0"
    "@esbuild/linux-riscv64": "npm:0.28.0"
    "@esbuild/linux-s390x": "npm:0.28.0"
    "@esbuild/linux-x64": "npm:0.28.0"
    "@esbuild/netbsd-arm64": "npm:0.28.0"
    "@esbuild/netbsd-x64": "npm:0.28.0"
    "@esbuild/openbsd-arm64": "npm:0.28.0"
    "@esbuild/openbsd-x64": "npm:0.28.0"
    "@esbuild/openharmony-arm64": "npm:0.28.0"
    "@esbuild/sunos-x64": "npm:0.28.0"
    "@esbuild/win32-arm64": "npm:0.28.0"
    "@esbuild/win32-ia32": "npm:0.28.0"
    "@esbuild/win32-x64": "npm:0.28.0"
  dependenciesMeta:
    "@esbuild/aix-ppc64":
      optional: true
    "@esbuild/android-arm":
      optional: true
    "@esbuild/android-arm64":
      optional: true
    "@esbuild/android-x64":
      optional: true
    "@esbuild/darwin-arm64":
      optional: true
    "@esbuild/darwin-x64":
      optional: true
    "@esbuild/freebsd-arm64":
      optional: true
    "@esbuild/freebsd-x64":
      optional: true
    "@esbuild/linux-arm":
      optional: true
    "@esbuild/linux-arm64":
      optional: true
    "@esbuild/linux-ia32":
      optional: true
    "@esbuild/linux-loong64":
      optional: true
    "@esbuild/linux-mips64el":
      optional: true
    "@esbuild/linux-ppc64":
      optional: true
    "@esbuild/linux-riscv64":
      optional: true
    "@esbuild/linux-s390x":
      optional: true
    "@esbuild/linux-x64":
      optional: true
    "@esbuild/netbsd-arm64":
      optional: true
    "@esbuild/netbsd-x64":
      optional: true
    "@esbuild/openbsd-arm64":
      optional: true
    "@esbuild/openbsd-x64":
      optional: true
    "@esbuild/openharmony-arm64":
      optional: true
    "@esbuild/sunos-x64":
      optional: true
    "@esbuild/win32-arm64":
      optional: true
    "@esbuild/win32-ia32":
      optional: true
    "@esbuild/win32-x64":
      optional: true
  bin:
    esbuild: bin/esbuild
  checksum: 10c0/8acd95c238ec6c4a9d16163277faf228a8994b642d187b3fe667ffbb469008e6748cde144fdc3c175bf8e78ee49e15a0ed9b9f183fdb5fcea1772f87fb1372a4
  languageName: node
  linkType: hard

"fast-xml-builder@npm:^1.1.7":
  version: 1.2.0
  resolution: "fast-xml-builder@npm:1.2.0"
  dependencies:
    path-expression-matcher: "npm:^1.5.0"
    xml-naming: "npm:^0.1.0"
  checksum: 10c0/84bb105cd04e91d6dcb746c4dbaeb12903b510e7ab9a06ffde55b5a582e005559a87d84467f18a655c6c4baf098f696fd74cee3cbe1aea9d01385907768ba32d
  languageName: node
  linkType: hard

"fast-xml-parser@npm:5.7.3":
  version: 5.7.3
  resolution: "fast-xml-parser@npm:5.7.3"
  dependencies:
    "@nodable/entities": "npm:^2.1.0"
    fast-xml-builder: "npm:^1.1.7"
    path-expression-matcher: "npm:^1.5.0"
    strnum: "npm:^2.2.3"
  bin:
    fxparser: src/cli/cli.js
  checksum: 10c0/eeb802855e852ce16121396297f04131c6dbc74f863be94f19e26e386656bdb31677af469ddc6627983a48b99d8842888460ac5413063cb648fde547bb579978
  languageName: node
  linkType: hard

"husky@npm:9.1.7":
  version: 9.1.7
  resolution: "husky@npm:9.1.7"
  bin:
    husky: bin.js
  checksum: 10c0/35bb110a71086c48906aa7cd3ed4913fb913823715359d65e32e0b964cb1e255593b0ae8014a5005c66a68e6fa66c38dcfa8056dbbdfb8b0187c0ffe7ee3a58f
  languageName: node
  linkType: hard

"lint-staged@npm:17.4.1":
  version: 17.4.1
  resolution: "lint-staged@npm:17.4.1"
  dependencies:
    picomatch: "npm:^4.0.7"
    string-argv: "npm:^0.3.2"
    tinyexec: "npm:^1.3.0"
    yaml: "npm:^2.9.0"
  dependenciesMeta:
    yaml:
      optional: true
  bin:
    lint-staged: bin/lint-staged.js
  checksum: 10c0/a9d30836ee0b1fecca98f47bb4f1de013928ea6a6fef137abae83c0c009cf2731b6cc02e576dffbeb42a1c05c47ab633be13935e6938805f7e9df5ab59c5c749
  languageName: node
  linkType: hard

"mnemonist@npm:0.38.3":
  version: 0.38.3
  resolution: "mnemonist@npm:0.38.3"
  dependencies:
    obliterator: "npm:^1.6.1"
  checksum: 10c0/064aa1ee1a89fce2754423b3617c598fd65bc34311eb3c01dc063976f6b819b073bd23532415cf8c92240157b4c8fbb7ec5d79d717f2bd4fcd95d8131cb23acb
  languageName: node
  linkType: hard

"obliterator@npm:^1.6.1":
  version: 1.6.1
  resolution: "obliterator@npm:1.6.1"
  checksum: 10c0/5fad57319aae0ef6e34efa640541d41c2dd9790a7ab808f17dcb66c83a81333963fc2dfcfa6e1b62158e5cef6291cdcf15c503ad6c3de54b2227dd4c3d7e1b55
  languageName: node
  linkType: hard

"path-expression-matcher@npm:^1.5.0":
  version: 1.5.0
  resolution: "path-expression-matcher@npm:1.5.0"
  checksum: 10c0/646cb5bc66cd7d809a52288336f3ac1e6223f156fd8e912936e490e590f7f93e8056d4fd25fcbcc7da61bb698fa520112cb050372a3f65e7b79bd4afa0f77610
  languageName: node
  linkType: hard

"picomatch@npm:^4.0.7":
  version: 4.0.7
  resolution: "picomatch@npm:4.0.7"
  checksum: 10c0/beb6ae02c43ae44e84883b90830196d9046b1726ead292adcf7f57945e0bb0d992d68563d87e03b484b6f3c9a5c6defda7523477f047d7f0e663f126cc01787f
  languageName: node
  linkType: hard

"prettier@npm:3.9.6":
  version: 3.9.6
  resolution: "prettier@npm:3.9.6"
  bin:
    prettier: bin/prettier.cjs
  checksum: 10c0/9f7ddae234035868f3daab3dc34e6de7e54622185afb017378029f0c09a9c023248ccf6f34def0b17a0538e18c47aa1b3188bab72965d1bf735919baa0747e99
  languageName: node
  linkType: hard

"sixdollargas@workspace:.":
  version: 0.0.0-use.local
  resolution: "sixdollargas@workspace:."
  dependencies:
    "@aws-sdk/client-dynamodb": "npm:3.1053.0"
    "@aws-sdk/client-s3": "npm:3.1053.0"
    "@js-joda/core": "npm:6.0.1"
    "@js-joda/locale": "npm:5.1.0"
    "@js-joda/locale_en-us": "npm:5.1.0"
    "@js-joda/timezone": "npm:2.25.1"
    "@tsconfig/node24": "npm:24.0.5"
    "@types/aws-lambda": "npm:8.10.162"
    "@types/ejs": "npm:3.1.5"
    "@types/node": "npm:24.13.3"
    "@types/sprintf-js": "npm:1.1.4"
    "@xmldom/is-dom-node": "npm:1.0.1"
    "@xmldom/xmldom": "npm:0.9.10"
    ejs: "npm:5.0.2"
    esbuild: "npm:0.28.0"
    husky: "npm:9.1.7"
    lint-staged: "npm:17.4.1"
    prettier: "npm:3.9.6"
    sprintf-js: "npm:1.1.3"
    tslib: "npm:2.8.1"
    typescript: "npm:6.0.3"
    xpath: "npm:0.0.34"
  languageName: unknown
  linkType: soft

"sprintf-js@npm:1.1.3":
  version: 1.1.3
  resolution: "sprintf-js@npm:1.1.3"
  checksum: 10c0/09270dc4f30d479e666aee820eacd9e464215cdff53848b443964202bf4051490538e5dd1b42e1a65cf7296916ca17640aebf63dae9812749c7542ee5f288dec
  languageName: node
  linkType: hard

"string-argv@npm:^0.3.2":
  version: 0.3.2
  resolution: "string-argv@npm:0.3.2"
  checksum: 10c0/75c02a83759ad1722e040b86823909d9a2fc75d15dd71ec4b537c3560746e33b5f5a07f7332d1e3f88319909f82190843aa2f0a0d8c8d591ec08e93d5b8dec82
  languageName: node
  linkType: hard

"strnum@npm:^2.2.3":
  version: 2.3.0
  resolution: "strnum@npm:2.3.0"
  checksum: 10c0/8d29ea0789df22dfa6101153573c76ce12fb065ed0807eb99cc64624cd7f3d67a5aa0db507e75ab985ca23908cc4f02c65f3359ad762cb3659e3d6456e76e143
  languageName: node
  linkType: hard

"tinyexec@npm:^1.3.0":
  version: 1.3.0
  resolution: "tinyexec@npm:1.3.0"
  checksum: 10c0/e9b89f97489d2aab2cef408da279e6b32547e738d1275032ccb8fd0028a006d93eb70fc51c6cffd9fc2f5aca6c2a273d8b6f73b52d46ee5116da6b94969ef958
  languageName: node
  linkType: hard

"tslib@npm:2.8.1, tslib@npm:^2.6.2":
  version: 2.8.1
  resolution: "tslib@npm:2.8.1"
  checksum: 10c0/9c4759110a19c53f992d9aae23aac5ced636e99887b51b9e61def52611732872ff7668757d4e4c61f19691e36f4da981cd9485e869b4a7408d689f6bf1f14e62
  languageName: node
  linkType: hard

"tslib@npm:^1.8.0":
  version: 1.14.1
  resolution: "tslib@npm:1.14.1"
  checksum: 10c0/69ae09c49eea644bc5ebe1bca4fa4cc2c82b7b3e02f43b84bd891504edf66dbc6b2ec0eef31a957042de2269139e4acff911e6d186a258fb14069cd7f6febce2
  languageName: node
  linkType: hard

"typescript@npm:6.0.3":
  version: 6.0.3
  resolution: "typescript@npm:6.0.3"
  bin:
    tsc: bin/tsc
    tsserver: bin/tsserver
  checksum: 10c0/4a25ff5045b984370f48f196b3a0120779b1b343d40b9a68d114ea5e5fff099809b2bb777576991a63a5cd59cf7bffd96ff6fe10afcefbcb8bd6fb96ad4b6606
  languageName: node
  linkType: hard

"typescript@patch:typescript@npm%3A6.0.3#optional!builtin<compat/typescript>":
  version: 6.0.3
  resolution: "typescript@patch:typescript@npm%3A6.0.3#optional!builtin<compat/typescript>::version=6.0.3&hash=5786d5"
  bin:
    tsc: bin/tsc
    tsserver: bin/tsserver
  checksum: 10c0/2f25c74e65663c248fa1ade2b8459d9ce5372ff9dad07067310f132966ebec1d93f6c42f0baf77a6b6a7a91460463f708e6887013aaade22111037457c6b25df
  languageName: node
  linkType: hard

"undici-types@npm:~7.18.0":
  version: 7.18.2
  resolution: "undici-types@npm:7.18.2"
  checksum: 10c0/85a79189113a238959d7a647368e4f7c5559c3a404ebdb8fc4488145ce9426fcd82252a844a302798dfc0e37e6fb178ff481ed03bc4caf634c5757d9ef43521d
  languageName: node
  linkType: hard

"xml-naming@npm:^0.1.0":
  version: 0.1.0
  resolution: "xml-naming@npm:0.1.0"
  checksum: 10c0/8c7614865361bcb7e53e3e091dac21c567e2b92d447919b2f072775aa9dcfc94a5255bd52fbaa0fd53c93513e53a23a6a835218ad2af512451dbc678392f85fe
  languageName: node
  linkType: hard

"xpath@npm:0.0.34":
  version: 0.0.34
  resolution: "xpath@npm:0.0.34"
  checksum: 10c0/88335108884ca164421f7fed048ef1a18ab3f7b1ae446b627fd3f51fc2396dcce798601c5e426de3bbd55d5940b84cf2326c75cd76620c1b49491283b85de17a
  languageName: node
  linkType: hard

"yaml@npm:^2.9.0":
  version: 2.9.0
  resolution: "yaml@npm:2.9.0"
  bin:
    yaml: bin.mjs
  checksum: 10c0/f340718df45e97a9551b9bf9dac61c80050bc464513b710debfb5067c380c8472e3b67809cffacb4ab5ffb5e66ef9310816c88b05f371cec60abfedd8c88e0a2
  languageName: node
  linkType: hard
